
Microsoft Visual Studio Solution File, Format Version 12.00
# Visual Studio Version 17
VisualStudioVersion = 17.2.32526.322
MinimumVisualStudioVersion = 10.0.40219.1
Project("{FAE04EC0-301F-11D3-BF4B-00C04F79EFBC}") = "CRUDAuto", "CRUDAuto\CRUDAuto.csproj", "{B861F10C-E68F-414A-9C05-1881D22BB7F5}"
EndProject
Global
	GlobalSection(SolutionConfigurationPlatforms) = preSolution
		Debug|Any CPU = Debug|Any CPU
		Release|Any CPU = Release|Any CPU
	EndGlobalSection
	GlobalSection(ProjectConfigurationPlatforms) = postSolution
		{B861F10C-E68F-414A-9C05-1881D22BB7F5}.Debug|Any CPU.ActiveCfg = Debug|Any CPU
		{B861F10C-E68F-414A-9C05-1881D22BB7F5}.Debug|Any CPU.Build.0 = Debug|Any CPU
		{B861F10C-E68F-414A-9C05-1881D22BB7F5}.Release|Any CPU.ActiveCfg = Release|Any CPU
		{B861F10C-E68F-414A-9C05-1881D22BB7F5}.Release|Any CPU.Build.0 = Release|Any CPU
	EndGlobalSection
	GlobalSection(SolutionProperties) = preSolution
		HideSolutionNode = FALSE
	EndGlobalSection
	GlobalSection(ExtensibilityGlobals) = postSolution
		SolutionGuid = {2F8143E8-5D80-46B0-9D7C-DE9AAAE077E5}
	EndGlobalSection
EndGlobal
